<?xml version="1.0" encoding="utf-8"?>
<Project ToolsVersion="4.0" xmlns="http://schemas.microsoft.com/developer/msbuild/2003">
  <ItemGroup>
    <Filter Include="源文件">
      <UniqueIdentifier>{4FC737F1-C7A5-4376-A066-2A32D752A2FF}</UniqueIdentifier>
      <Extensions>cpp;c;cc;cxx;def;odl;idl;hpj;bat;asm;asmx</Extensions>
    </Filter>
    <Filter Include="头文件">
      <UniqueIdentifier>{93995380-89BD-4b04-88EB-625FBE52EBFB}</UniqueIdentifier>
      <Extensions>h;hpp;hxx;hm;inl;inc;xsd</Extensions>
    </Filter>
    <Filter Include="资源文件">
      <UniqueIdentifier>{67DA6AB6-F800-4c08-8B7A-83BB121AAD01}</UniqueIdentifier>
      <Extensions>rc;ico;cur;bmp;dlg;rc2;rct;bin;rgs;gif;jpg;jpeg;jpe;resx;tiff;tif;png;wav;mfcribbon-ms</Extensions>
    </Filter>
  </ItemGroup>
  <ItemGroup>
    <Text Include="ReadMe.txt" />
  </ItemGroup>
  <ItemGroup>
    <ClInclude Include="OOP_LSL_GIS.h">
      <Filter>头文件</Filter>
    </ClInclude>
    <ClInclude Include="stdafx.h">
      <Filter>头文件</Filter>
    </ClInclude>
    <ClInclude Include="targetver.h">
      <Filter>头文件</Filter>
    </ClInclude>
    <ClInclude Include="MainFrm.h">
      <Filter>头文件</Filter>
    </ClInclude>
    <ClInclude Include="OOP_LSL_GISDoc.h">
      <Filter>头文件</Filter>
    </ClInclude>
    <ClInclude Include="OOP_LSL_GISView.h">
      <Filter>头文件</Filter>
    </ClInclude>
    <ClInclude Include="Resource.h">
      <Filter>头文件</Filter>
    </ClInclude>
    <ClInclude Include="GeoMap.h">
      <Filter>头文件</Filter>
    </ClInclude>
    <ClInclude Include="GeoObject.h">
      <Filter>头文件</Filter>
    </ClInclude>
    <ClInclude Include="GeoLayer.h">
      <Filter>头文件</Filter>
    </ClInclude>
    <ClInclude Include="GeoPoint.h">
      <Filter>头文件</Filter>
    </ClInclude>
    <ClInclude Include="GeoPloyline.h">
      <Filter>头文件</Filter>
    </ClInclude>
    <ClInclude Include="GeoAnno.h">
      <Filter>头文件</Filter>
    </ClInclude>
    <ClInclude Include="GeoPolygon.h">
      <Filter>头文件</Filter>
    </ClInclude>
    <ClInclude Include="CApplication.h">
      <Filter>头文件</Filter>
    </ClInclude>
    <ClInclude Include="CRange.h">
      <Filter>头文件</Filter>
    </ClInclude>
    <ClInclude Include="CWorkbooks.h">
      <Filter>头文件</Filter>
    </ClInclude>
    <ClInclude Include="CWorksheets.h">
      <Filter>头文件</Filter>
    </ClInclude>
    <ClInclude Include="CWorkbook.h">
      <Filter>头文件</Filter>
    </ClInclude>
    <ClInclude Include="CWorksheet.h">
      <Filter>头文件</Filter>
    </ClInclude>
    <ClInclude Include="MapProject.h">
      <Filter>头文件</Filter>
    </ClInclude>
    <ClInclude Include="MapProjectionLambert.h">
      <Filter>头文件</Filter>
    </ClInclude>
    <ClInclude Include="MapProjectionMercator.h">
      <Filter>头文件</Filter>
    </ClInclude>
    <ClInclude Include="MapProjectionGK.h">
      <Filter>头文件</Filter>
    </ClInclude>
    <ClInclude Include="MapProjectionUTM.h">
      <Filter>头文件</Filter>
    </ClInclude>
    <ClInclude Include="MyCMap.h">
      <Filter>头文件</Filter>
    </ClInclude>
    <ClInclude Include="PGeoLayer.h">
      <Filter>头文件</Filter>
    </ClInclude>
    <ClInclude Include="PGeoObject.h">
      <Filter>头文件</Filter>
    </ClInclude>
    <ClInclude Include="PGeoPoint.h">
      <Filter>头文件</Filter>
    </ClInclude>
    <ClInclude Include="ConvexHull.h">
      <Filter>头文件</Filter>
    </ClInclude>
  </ItemGroup>
  <ItemGroup>
    <ClCompile Include="OOP_LSL_GIS.cpp">
      <Filter>源文件</Filter>
    </ClCompile>
    <ClCompile Include="stdafx.cpp">
      <Filter>源文件</Filter>
    </ClCompile>
    <ClCompile Include="MainFrm.cpp">
      <Filter>源文件</Filter>
    </ClCompile>
    <ClCompile Include="OOP_LSL_GISDoc.cpp">
      <Filter>源文件</Filter>
    </ClCompile>
    <ClCompile Include="OOP_LSL_GISView.cpp">
      <Filter>源文件</Filter>
    </ClCompile>
    <ClCompile Include="GeoMap.cpp">
      <Filter>源文件</Filter>
    </ClCompile>
    <ClCompile Include="GeoObject.cpp">
      <Filter>源文件</Filter>
    </ClCompile>
    <ClCompile Include="GeoLayer.cpp">
      <Filter>源文件</Filter>
    </ClCompile>
    <ClCompile Include="GeoPoint.cpp">
      <Filter>源文件</Filter>
    </ClCompile>
    <ClCompile Include="GeoPloyline.cpp">
      <Filter>源文件</Filter>
    </ClCompile>
    <ClCompile Include="GeoAnno.cpp">
      <Filter>源文件</Filter>
    </ClCompile>
    <ClCompile Include="GeoPolygon.cpp">
      <Filter>源文件</Filter>
    </ClCompile>
    <ClCompile Include="MapProject.cpp">
      <Filter>源文件</Filter>
    </ClCompile>
    <ClCompile Include="MapProjectionLambert.cpp">
      <Filter>源文件</Filter>
    </ClCompile>
    <ClCompile Include="MapProjectionMercator.cpp">
      <Filter>源文件</Filter>
    </ClCompile>
    <ClCompile Include="MapProjectionGK.cpp">
      <Filter>源文件</Filter>
    </ClCompile>
    <ClCompile Include="MapProjectionUTM.cpp">
      <Filter>源文件</Filter>
    </ClCompile>
    <ClCompile Include="MyCMap.cpp">
      <Filter>源文件</Filter>
    </ClCompile>
    <ClCompile Include="PGeoLayer.cpp">
      <Filter>源文件</Filter>
    </ClCompile>
    <ClCompile Include="PGeoObject.cpp">
      <Filter>源文件</Filter>
    </ClCompile>
    <ClCompile Include="PGeoPoint.cpp">
      <Filter>源文件</Filter>
    </ClCompile>
    <ClCompile Include="ConvexHull.cpp">
      <Filter>源文件</Filter>
    </ClCompile>
  </ItemGroup>
  <ItemGroup>
    <ResourceCompile Include="OOP_LSL_GIS.rc">
      <Filter>资源文件</Filter>
    </ResourceCompile>
  </ItemGroup>
  <ItemGroup>
    <None Include="res\OOP_LSL_GIS.rc2">
      <Filter>资源文件</Filter>
    </None>
    <None Include="ClassDiagram.cd" />
    <None Include="ClassDiagram1.cd" />
    <None Include="ClassDiagram2.cd" />
    <None Include="ClassDiagram3.cd" />
    <None Include="ClassDiagram4.cd" />
  </ItemGroup>
  <ItemGroup>
    <Image Include="res\OOP_LSL_GISDoc.ico">
      <Filter>资源文件</Filter>
    </Image>
    <Image Include="res\OOP_LSL_GIS.ico">
      <Filter>资源文件</Filter>
    </Image>
    <Image Include="res\Toolbar.bmp">
      <Filter>资源文件</Filter>
    </Image>
  </ItemGroup>
</Project>